
Microsoft Visual Studio Solution File, Format Version 12.00
# Visual Studio 2013
VisualStudioVersion = 12.0.30723.0
MinimumVisualStudioVersion = 10.0.40219.1
Project("{FAE04EC0-301F-11D3-BF4B-00C04F79EFBC}") = "Treefort.EntityFramework", "Treefort.Entity\Treefort.EntityFramework.csproj", "{6CCC8709-88B3-46FA-B1F8-4A9492699D73}"
EndProject
Project("{2150E333-8FDC-42A3-9474-1A3956D46DE8}") = ".nuget", ".nuget", "{61690859-182E-43B5-B562-6FD6EDBBFCCB}"
	ProjectSection(SolutionItems) = preProject
		.nuget\NuGet.Config = .nuget\NuGet.Config
		.nuget\NuGet.exe = .nuget\NuGet.exe
		.nuget\NuGet.targets = .nuget\NuGet.targets
	EndProjectSection
EndProject
Project("{FAE04EC0-301F-11D3-BF4B-00C04F79EFBC}") = "Treefort", "Treefort\Treefort.csproj", "{E67ACAFE-2F8F-49CE-8036-3DA59C69CB79}"
EndProject
Project("{FAE04EC0-301F-11D3-BF4B-00C04F79EFBC}") = "Treefort.Azure", "Treefort.Azure\Treefort.Azure.csproj", "{A99EAADC-88F2-4305-BA4C-C538B9050DB9}"
EndProject
Project("{2150E333-8FDC-42A3-9474-1A3956D46DE8}") = "Tests", "Tests", "{E7E40ABC-4079-4544-975A-0C96ABEC1CBB}"
EndProject
Project("{FAE04EC0-301F-11D3-BF4B-00C04F79EFBC}") = "Treefort.IntegrationTests", "Treefort.IntegrationTests\Treefort.IntegrationTests.csproj", "{7CA81AE5-C337-4A55-BF09-8964CD90D3DC}"
EndProject
Project("{FAE04EC0-301F-11D3-BF4B-00C04F79EFBC}") = "Treefort.EventStore", "Treefort.EventStore\Treefort.EventStore.csproj", "{B1346D2D-B7A0-4A11-A7F9-D5CC6D4E3C7D}"
EndProject
Project("{FAE04EC0-301F-11D3-BF4B-00C04F79EFBC}") = "Treefort.Rx", "Treefort.Rx\Treefort.Rx.csproj", "{AFF82521-50E1-4316-806E-55301A37ED91}"
EndProject
Global
	GlobalSection(SolutionConfigurationPlatforms) = preSolution
		Debug|Any CPU = Debug|Any CPU
		Release|Any CPU = Release|Any CPU
	EndGlobalSection
	GlobalSection(ProjectConfigurationPlatforms) = postSolution
		{6CCC8709-88B3-46FA-B1F8-4A9492699D73}.Debug|Any CPU.ActiveCfg = Debug|Any CPU
		{6CCC8709-88B3-46FA-B1F8-4A9492699D73}.Debug|Any CPU.Build.0 = Debug|Any CPU
		{6CCC8709-88B3-46FA-B1F8-4A9492699D73}.Release|Any CPU.ActiveCfg = Release|Any CPU
		{6CCC8709-88B3-46FA-B1F8-4A9492699D73}.Release|Any CPU.Build.0 = Release|Any CPU
		{E67ACAFE-2F8F-49CE-8036-3DA59C69CB79}.Debug|Any CPU.ActiveCfg = Debug|Any CPU
		{E67ACAFE-2F8F-49CE-8036-3DA59C69CB79}.Debug|Any CPU.Build.0 = Debug|Any CPU
		{E67ACAFE-2F8F-49CE-8036-3DA59C69CB79}.Release|Any CPU.ActiveCfg = Release|Any CPU
		{E67ACAFE-2F8F-49CE-8036-3DA59C69CB79}.Release|Any CPU.Build.0 = Release|Any CPU
		{A99EAADC-88F2-4305-BA4C-C538B9050DB9}.Debug|Any CPU.ActiveCfg = Debug|Any CPU
		{A99EAADC-88F2-4305-BA4C-C538B9050DB9}.Debug|Any CPU.Build.0 = Debug|Any CPU
		{A99EAADC-88F2-4305-BA4C-C538B9050DB9}.Release|Any CPU.ActiveCfg = Release|Any CPU
		{A99EAADC-88F2-4305-BA4C-C538B9050DB9}.Release|Any CPU.Build.0 = Release|Any CPU
		{7CA81AE5-C337-4A55-BF09-8964CD90D3DC}.Debug|Any CPU.ActiveCfg = Debug|Any CPU
		{7CA81AE5-C337-4A55-BF09-8964CD90D3DC}.Debug|Any CPU.Build.0 = Debug|Any CPU
		{7CA81AE5-C337-4A55-BF09-8964CD90D3DC}.Release|Any CPU.ActiveCfg = Release|Any CPU
		{7CA81AE5-C337-4A55-BF09-8964CD90D3DC}.Release|Any CPU.Build.0 = Release|Any CPU
		{B1346D2D-B7A0-4A11-A7F9-D5CC6D4E3C7D}.Debug|Any CPU.ActiveCfg = Debug|Any CPU
		{B1346D2D-B7A0-4A11-A7F9-D5CC6D4E3C7D}.Debug|Any CPU.Build.0 = Debug|Any CPU
		{B1346D2D-B7A0-4A11-A7F9-D5CC6D4E3C7D}.Release|Any CPU.ActiveCfg = Release|Any CPU
		{B1346D2D-B7A0-4A11-A7F9-D5CC6D4E3C7D}.Release|Any CPU.Build.0 = Release|Any CPU
		{AFF82521-50E1-4316-806E-55301A37ED91}.Debug|Any CPU.ActiveCfg = Debug|Any CPU
		{AFF82521-50E1-4316-806E-55301A37ED91}.Debug|Any CPU.Build.0 = Debug|Any CPU
		{AFF82521-50E1-4316-806E-55301A37ED91}.Release|Any CPU.ActiveCfg = Release|Any CPU
		{AFF82521-50E1-4316-806E-55301A37ED91}.Release|Any CPU.Build.0 = Release|Any CPU
	EndGlobalSection
	GlobalSection(SolutionProperties) = preSolution
		HideSolutionNode = FALSE
	EndGlobalSection
	GlobalSection(NestedProjects) = preSolution
		{7CA81AE5-C337-4A55-BF09-8964CD90D3DC} = {E7E40ABC-4079-4544-975A-0C96ABEC1CBB}
	EndGlobalSection
EndGlobal
